
Microsoft Visual Studio Solution File, Format Version 12.00
# Visual Studio Version 17
VisualStudioVersion = 17.14.36221.1 d17.14
MinimumVisualStudioVersion = 10.0.40219.1
Project("{FAE04EC0-301F-11D3-BF4B-00C04F79EFBC}") = "Para", "Para\Para.csproj", "{426D5ED6-B751-4232-A2EF-C372A0E0F533}"
EndProject
Global
	GlobalSection(SolutionConfigurationPlatforms) = preSolution
		Debug|Any CPU = Debug|Any CPU
		Release|Any CPU = Release|Any CPU
	EndGlobalSection
	GlobalSection(ProjectConfigurationPlatforms) = postSolution
		{426D5ED6-B751-4232-A2EF-C372A0E0F533}.Debug|Any CPU.ActiveCfg = Debug|Any CPU
		{426D5ED6-B751-4232-A2EF-C372A0E0F533}.Debug|Any CPU.Build.0 = Debug|Any CPU
		{426D5ED6-B751-4232-A2EF-C372A0E0F533}.Release|Any CPU.ActiveCfg = Release|Any CPU
		{426D5ED6-B751-4232-A2EF-C372A0E0F533}.Release|Any CPU.Build.0 = Release|Any CPU
	EndGlobalSection
	GlobalSection(SolutionProperties) = preSolution
		HideSolutionNode = FALSE
	EndGlobalSection
	GlobalSection(ExtensibilityGlobals) = postSolution
		SolutionGuid = {53E18184-4442-46C2-99EE-1EDD5C712625}
	EndGlobalSection
EndGlobal
